
Microsoft Visual Studio Solution File, Format Version 12.00
# Visual Studio Version 16
VisualStudioVersion = 16.0.31129.286
MinimumVisualStudioVersion = 10.0.40219.1
Project("{9A19103F-16F7-4668-BE54-9A1E7A4F7556}") = "AppCore", "AppCore\AppCore.csproj", "{C1857702-A471-4573-A0E3-DFEFA15AD366}"
EndProject
Project("{9A19103F-16F7-4668-BE54-9A1E7A4F7556}") = "Infrastructure", "Infrastructure\Infrastructure.csproj", "{CC903433-F56C-40A5-BBDA-C075D95CF178}"
EndProject
Project("{9A19103F-16F7-4668-BE54-9A1E7A4F7556}") = "Presentation", "Presentation\Presentation.csproj", "{821D306C-1F74-42E1-B464-49719E6D3787}"
EndProject
Project("{2150E333-8FDC-42A3-9474-1A3956D46DE8}") = "SRC", "SRC", "{FF415250-D0E2-42BB-ADDB-D28F0D74030D}"
EndProject
Project("{2150E333-8FDC-42A3-9474-1A3956D46DE8}") = "API", "API", "{1EFCAE39-D5B5-4132-878C-5A911E228028}"
EndProject
Project("{2150E333-8FDC-42A3-9474-1A3956D46DE8}") = "web", "web", "{7F74C490-3F06-49AA-997E-EB92E8E4149B}"
EndProject
Project("{9A19103F-16F7-4668-BE54-9A1E7A4F7556}") = "Web", "web\Web.csproj", "{D38AC626-E60E-4290-B8DF-7E6C364863E8}"
EndProject
Project("{9A19103F-16F7-4668-BE54-9A1E7A4F7556}") = "Web.Acess", "WebAcess\Web.Acess.csproj", "{F5E43359-B3C2-41B7-9094-718FF76E0600}"
EndProject
Project("{9A19103F-16F7-4668-BE54-9A1E7A4F7556}") = "Web.Model", "WebModel\Web.Model.csproj", "{D685FC5F-88E4-4F4D-B536-CB0BFE838C17}"
EndProject
Project("{9A19103F-16F7-4668-BE54-9A1E7A4F7556}") = "Web.Bll", "Web.Bll\Web.Bll.csproj", "{A50A9ABB-8BAA-41C8-BA2E-7C8FC01AB676}"
EndProject
Project("{2150E333-8FDC-42A3-9474-1A3956D46DE8}") = "Console", "Console", "{6180811E-6027-4165-9D01-02CC8642DD0B}"
EndProject
Project("{9A19103F-16F7-4668-BE54-9A1E7A4F7556}") = "TESTE_1_A_4", "TESTE_!_A_3\TESTE_1_A_4.csproj", "{FA3BAA6C-4CE8-4C4D-952F-45F2A813B489}"
EndProject
Project("{9A19103F-16F7-4668-BE54-9A1E7A4F7556}") = "Tinnova.TestUni", "Tinnova.TestUni\Tinnova.TestUni.csproj", "{ED3A14B2-0C83-40C5-BB44-F029073D2B9D}"
EndProject
Global
	GlobalSection(SolutionConfigurationPlatforms) = preSolution
		Debug|Any CPU = Debug|Any CPU
		Release|Any CPU = Release|Any CPU
	EndGlobalSection
	GlobalSection(ProjectConfigurationPlatforms) = postSolution
		{C1857702-A471-4573-A0E3-DFEFA15AD366}.Debug|Any CPU.ActiveCfg = Debug|Any CPU
		{C1857702-A471-4573-A0E3-DFEFA15AD366}.Debug|Any CPU.Build.0 = Debug|Any CPU
		{C1857702-A471-4573-A0E3-DFEFA15AD366}.Release|Any CPU.ActiveCfg = Release|Any CPU
		{C1857702-A471-4573-A0E3-DFEFA15AD366}.Release|Any CPU.Build.0 = Release|Any CPU
		{CC903433-F56C-40A5-BBDA-C075D95CF178}.Debug|Any CPU.ActiveCfg = Debug|Any CPU
		{CC903433-F56C-40A5-BBDA-C075D95CF178}.Debug|Any CPU.Build.0 = Debug|Any CPU
		{CC903433-F56C-40A5-BBDA-C075D95CF178}.Release|Any CPU.ActiveCfg = Release|Any CPU
		{CC903433-F56C-40A5-BBDA-C075D95CF178}.Release|Any CPU.Build.0 = Release|Any CPU
		{821D306C-1F74-42E1-B464-49719E6D3787}.Debug|Any CPU.ActiveCfg = Debug|Any CPU
		{821D306C-1F74-42E1-B464-49719E6D3787}.Debug|Any CPU.Build.0 = Debug|Any CPU
		{821D306C-1F74-42E1-B464-49719E6D3787}.Release|Any CPU.ActiveCfg = Release|Any CPU
		{821D306C-1F74-42E1-B464-49719E6D3787}.Release|Any CPU.Build.0 = Release|Any CPU
		{D38AC626-E60E-4290-B8DF-7E6C364863E8}.Debug|Any CPU.ActiveCfg = Debug|Any CPU
		{D38AC626-E60E-4290-B8DF-7E6C364863E8}.Debug|Any CPU.Build.0 = Debug|Any CPU
		{D38AC626-E60E-4290-B8DF-7E6C364863E8}.Release|Any CPU.ActiveCfg = Release|Any CPU
		{D38AC626-E60E-4290-B8DF-7E6C364863E8}.Release|Any CPU.Build.0 = Release|Any CPU
		{F5E43359-B3C2-41B7-9094-718FF76E0600}.Debug|Any CPU.ActiveCfg = Debug|Any CPU
		{F5E43359-B3C2-41B7-9094-718FF76E0600}.Debug|Any CPU.Build.0 = Debug|Any CPU
		{F5E43359-B3C2-41B7-9094-718FF76E0600}.Release|Any CPU.ActiveCfg = Release|Any CPU
		{F5E43359-B3C2-41B7-9094-718FF76E0600}.Release|Any CPU.Build.0 = Release|Any CPU
		{D685FC5F-88E4-4F4D-B536-CB0BFE838C17}.Debug|Any CPU.ActiveCfg = Debug|Any CPU
		{D685FC5F-88E4-4F4D-B536-CB0BFE838C17}.Debug|Any CPU.Build.0 = Debug|Any CPU
		{D685FC5F-88E4-4F4D-B536-CB0BFE838C17}.Release|Any CPU.ActiveCfg = Release|Any CPU
		{D685FC5F-88E4-4F4D-B536-CB0BFE838C17}.Release|Any CPU.Build.0 = Release|Any CPU
		{A50A9ABB-8BAA-41C8-BA2E-7C8FC01AB676}.Debug|Any CPU.ActiveCfg = Debug|Any CPU
		{A50A9ABB-8BAA-41C8-BA2E-7C8FC01AB676}.Debug|Any CPU.Build.0 = Debug|Any CPU
		{A50A9ABB-8BAA-41C8-BA2E-7C8FC01AB676}.Release|Any CPU.ActiveCfg = Release|Any CPU
		{A50A9ABB-8BAA-41C8-BA2E-7C8FC01AB676}.Release|Any CPU.Build.0 = Release|Any CPU
		{FA3BAA6C-4CE8-4C4D-952F-45F2A813B489}.Debug|Any CPU.ActiveCfg = Debug|Any CPU
		{FA3BAA6C-4CE8-4C4D-952F-45F2A813B489}.Debug|Any CPU.Build.0 = Debug|Any CPU
		{FA3BAA6C-4CE8-4C4D-952F-45F2A813B489}.Release|Any CPU.ActiveCfg = Release|Any CPU
		{FA3BAA6C-4CE8-4C4D-952F-45F2A813B489}.Release|Any CPU.Build.0 = Release|Any CPU
		{ED3A14B2-0C83-40C5-BB44-F029073D2B9D}.Debug|Any CPU.ActiveCfg = Debug|Any CPU
		{ED3A14B2-0C83-40C5-BB44-F029073D2B9D}.Debug|Any CPU.Build.0 = Debug|Any CPU
		{ED3A14B2-0C83-40C5-BB44-F029073D2B9D}.Release|Any CPU.ActiveCfg = Release|Any CPU
		{ED3A14B2-0C83-40C5-BB44-F029073D2B9D}.Release|Any CPU.Build.0 = Release|Any CPU
	EndGlobalSection
	GlobalSection(SolutionProperties) = preSolution
		HideSolutionNode = FALSE
	EndGlobalSection
	GlobalSection(NestedProjects) = preSolution
		{C1857702-A471-4573-A0E3-DFEFA15AD366} = {1EFCAE39-D5B5-4132-878C-5A911E228028}
		{CC903433-F56C-40A5-BBDA-C075D95CF178} = {1EFCAE39-D5B5-4132-878C-5A911E228028}
		{821D306C-1F74-42E1-B464-49719E6D3787} = {1EFCAE39-D5B5-4132-878C-5A911E228028}
		{1EFCAE39-D5B5-4132-878C-5A911E228028} = {FF415250-D0E2-42BB-ADDB-D28F0D74030D}
		{7F74C490-3F06-49AA-997E-EB92E8E4149B} = {FF415250-D0E2-42BB-ADDB-D28F0D74030D}
		{D38AC626-E60E-4290-B8DF-7E6C364863E8} = {7F74C490-3F06-49AA-997E-EB92E8E4149B}
		{F5E43359-B3C2-41B7-9094-718FF76E0600} = {7F74C490-3F06-49AA-997E-EB92E8E4149B}
		{D685FC5F-88E4-4F4D-B536-CB0BFE838C17} = {7F74C490-3F06-49AA-997E-EB92E8E4149B}
		{A50A9ABB-8BAA-41C8-BA2E-7C8FC01AB676} = {7F74C490-3F06-49AA-997E-EB92E8E4149B}
		{6180811E-6027-4165-9D01-02CC8642DD0B} = {FF415250-D0E2-42BB-ADDB-D28F0D74030D}
		{FA3BAA6C-4CE8-4C4D-952F-45F2A813B489} = {6180811E-6027-4165-9D01-02CC8642DD0B}
		{ED3A14B2-0C83-40C5-BB44-F029073D2B9D} = {1EFCAE39-D5B5-4132-878C-5A911E228028}
	EndGlobalSection
	GlobalSection(ExtensibilityGlobals) = postSolution
		SolutionGuid = {3BF75D6C-FE39-46CC-9D70-7ADF18ED5FE7}
	EndGlobalSection
EndGlobal
